
Microsoft Visual Studio Solution File, Format Version 12.00
# Visual Studio Version 16
VisualStudioVersion = 16.0.30621.155
MinimumVisualStudioVersion = 10.0.40219.1
Project("{FAE04EC0-301F-11D3-BF4B-00C04F79EFBC}") = "GB.Domain", "GB.Domain\GB.Domain.csproj", "{B7FE2C6A-77AD-4699-921C-5B5C81ECA5CA}"
EndProject
Project("{FAE04EC0-301F-11D3-BF4B-00C04F79EFBC}") = "GB.Data", "GB.Data\GB.Data.csproj", "{62346D5C-7E34-415C-8954-323136E1BCAE}"
EndProject
Project("{FAE04EC0-301F-11D3-BF4B-00C04F79EFBC}") = "ServicePattern", "..\..\..\Desktop\GestionProduits\ServicePattern\ServicePattern.csproj", "{549E5227-DE30-4CED-80FD-8508787424F4}"
EndProject
Project("{FAE04EC0-301F-11D3-BF4B-00C04F79EFBC}") = "GB.Service", "GB.Service\GB.Service.csproj", "{2B92FC4E-F670-41C3-85BE-CDD17E7E568F}"
EndProject
Project("{FAE04EC0-301F-11D3-BF4B-00C04F79EFBC}") = "GB.Web", "Web\GB.Web.csproj", "{B6F96D60-FED9-4BA8-93CE-557AF39A9E61}"
EndProject
Global
	GlobalSection(SolutionConfigurationPlatforms) = preSolution
		Debug|Any CPU = Debug|Any CPU
		Release|Any CPU = Release|Any CPU
	EndGlobalSection
	GlobalSection(ProjectConfigurationPlatforms) = postSolution
		{B7FE2C6A-77AD-4699-921C-5B5C81ECA5CA}.Debug|Any CPU.ActiveCfg = Debug|Any CPU
		{B7FE2C6A-77AD-4699-921C-5B5C81ECA5CA}.Debug|Any CPU.Build.0 = Debug|Any CPU
		{B7FE2C6A-77AD-4699-921C-5B5C81ECA5CA}.Release|Any CPU.ActiveCfg = Release|Any CPU
		{B7FE2C6A-77AD-4699-921C-5B5C81ECA5CA}.Release|Any CPU.Build.0 = Release|Any CPU
		{62346D5C-7E34-415C-8954-323136E1BCAE}.Debug|Any CPU.ActiveCfg = Debug|Any CPU
		{62346D5C-7E34-415C-8954-323136E1BCAE}.Debug|Any CPU.Build.0 = Debug|Any CPU
		{62346D5C-7E34-415C-8954-323136E1BCAE}.Release|Any CPU.ActiveCfg = Release|Any CPU
		{62346D5C-7E34-415C-8954-323136E1BCAE}.Release|Any CPU.Build.0 = Release|Any CPU
		{549E5227-DE30-4CED-80FD-8508787424F4}.Debug|Any CPU.ActiveCfg = Debug|Any CPU
		{549E5227-DE30-4CED-80FD-8508787424F4}.Debug|Any CPU.Build.0 = Debug|Any CPU
		{549E5227-DE30-4CED-80FD-8508787424F4}.Release|Any CPU.ActiveCfg = Release|Any CPU
		{549E5227-DE30-4CED-80FD-8508787424F4}.Release|Any CPU.Build.0 = Release|Any CPU
		{2B92FC4E-F670-41C3-85BE-CDD17E7E568F}.Debug|Any CPU.ActiveCfg = Debug|Any CPU
		{2B92FC4E-F670-41C3-85BE-CDD17E7E568F}.Debug|Any CPU.Build.0 = Debug|Any CPU
		{2B92FC4E-F670-41C3-85BE-CDD17E7E568F}.Release|Any CPU.ActiveCfg = Release|Any CPU
		{2B92FC4E-F670-41C3-85BE-CDD17E7E568F}.Release|Any CPU.Build.0 = Release|Any CPU
		{B6F96D60-FED9-4BA8-93CE-557AF39A9E61}.Debug|Any CPU.ActiveCfg = Debug|Any CPU
		{B6F96D60-FED9-4BA8-93CE-557AF39A9E61}.Debug|Any CPU.Build.0 = Debug|Any CPU
		{B6F96D60-FED9-4BA8-93CE-557AF39A9E61}.Release|Any CPU.ActiveCfg = Release|Any CPU
		{B6F96D60-FED9-4BA8-93CE-557AF39A9E61}.Release|Any CPU.Build.0 = Release|Any CPU
	EndGlobalSection
	GlobalSection(SolutionProperties) = preSolution
		HideSolutionNode = FALSE
	EndGlobalSection
	GlobalSection(ExtensibilityGlobals) = postSolution
		SolutionGuid = {EB1506A2-967B-47A4-A983-3B6888051EC3}
	EndGlobalSection
EndGlobal
